
Microsoft Visual Studio Solution File, Format Version 12.00
# Visual Studio Version 17
VisualStudioVersion = 17.0.31903.59
MinimumVisualStudioVersion = 10.0.40219.1
Project("{FAE04EC0-301F-11D3-BF4B-00C04F79EFBC}") = "MyApp", "MyApp.csproj", "{31D9F02E-0BE8-43FB-AC7B-E1A8F8DA3D46}"
EndProject
Project("{FAE04EC0-301F-11D3-BF4B-00C04F79EFBC}") = "MyApp.Tests", "MyApp.Tests\MyApp.Tests.csproj", "{62CE2965-3AF3-4469-A5B8-A7B99E7D1AF0}"
EndProject
Global
	GlobalSection(SolutionConfigurationPlatforms) = preSolution
		Debug|Any CPU = Debug|Any CPU
		Release|Any CPU = Release|Any CPU
	EndGlobalSection
	GlobalSection(SolutionProperties) = preSolution
		HideSolutionNode = FALSE
	EndGlobalSection
	GlobalSection(ProjectConfigurationPlatforms) = postSolution
		{31D9F02E-0BE8-43FB-AC7B-E1A8F8DA3D46}.Debug|Any CPU.ActiveCfg = Debug|Any CPU
		{31D9F02E-0BE8-43FB-AC7B-E1A8F8DA3D46}.Debug|Any CPU.Build.0 = Debug|Any CPU
		{31D9F02E-0BE8-43FB-AC7B-E1A8F8DA3D46}.Release|Any CPU.ActiveCfg = Release|Any CPU
		{31D9F02E-0BE8-43FB-AC7B-E1A8F8DA3D46}.Release|Any CPU.Build.0 = Release|Any CPU
		{62CE2965-3AF3-4469-A5B8-A7B99E7D1AF0}.Debug|Any CPU.ActiveCfg = Debug|Any CPU
		{62CE2965-3AF3-4469-A5B8-A7B99E7D1AF0}.Debug|Any CPU.Build.0 = Debug|Any CPU
		{62CE2965-3AF3-4469-A5B8-A7B99E7D1AF0}.Release|Any CPU.ActiveCfg = Release|Any CPU
		{62CE2965-3AF3-4469-A5B8-A7B99E7D1AF0}.Release|Any CPU.Build.0 = Release|Any CPU
	EndGlobalSection
EndGlobal
